{
  "name": "proxy-list-builder",
  "version": "1.0.0",
  "lockfileVersion": 1,
  "requires": true,
  "dependencies": {
    "@types/node": {
      "version": "https://registry.npmjs.org/@types/node/-/node-6.0.90.tgz",
      "integrity": "sha1-DtdIM/obc9zblAncscl+wKixOwI="
    },
    "ajv": {
      "version": "https://registry.npmjs.org/ajv/-/ajv-5.3.0.tgz",
      "integrity": "sha1-RBT/dKUIecII7l/cgm4ywwNUnto=",
      "requires": {
        "co": "https://registry.npmjs.org/co/-/co-4.6.0.tgz",
        "fast-deep-equal": "https://registry.npmjs.org/fast-deep-equal/-/fast-deep-equal-1.0.0.tgz",
        "fast-json-stable-stringify": "https://registry.npmjs.org/fast-json-stable-stringify/-/fast-json-stable-stringify-2.0.0.tgz",
        "json-schema-traverse": "https://registry.npmjs.org/json-schema-traverse/-/json-schema-traverse-0.3.1.tgz"
      }
    },
    "asn1": {
      "version": "https://registry.npmjs.org/asn1/-/asn1-0.2.3.tgz",
      "integrity": "sha1-2sh4dxPJlmhJ/IGAd36+nB3fO4Y="
    },
    "assert-plus": {
      "version": "https://registry.npmjs.org/assert-plus/-/assert-plus-1.0.0.tgz",
      "integrity": "sha1-8S4PPF13sLHN2RRpQuTpbB5N1SU="
    },
    "async": {
      "version": "https://registry.npmjs.org/async/-/async-2.1.4.tgz",
      "integrity": "sha1-LSFgx3iAMuTdbL4lAvH5osj2zeQ=",
      "requires": {
        "lodash": "https://registry.npmjs.org/lodash/-/lodash-4.17.4.tgz"
      }
    },
    "asynckit": {
      "version": "https://registry.npmjs.org/asynckit/-/asynckit-0.4.0.tgz",
      "integrity": "sha1-x57Zf380y48robyXkLzDZkdLS3k="
    },
    "aws-sign2": {
      "version": "https://registry.npmjs.org/aws-sign2/-/aws-sign2-0.7.0.tgz",
      "integrity": "sha1-tG6JCTSpWR8tL2+G1+ap8bP+dqg="
    },
    "aws4": {
      "version": "https://registry.npmjs.org/aws4/-/aws4-1.6.0.tgz",
      "integrity": "sha1-g+9cqGCysy5KDe7e6MdxudtXRx4="
    },
    "bcrypt-pbkdf": {
      "version": "https://registry.npmjs.org/bcrypt-pbkdf/-/bcrypt-pbkdf-1.0.1.tgz",
      "integrity": "sha1-Y7xdy2EzG5K8Bf1SiVPDNGKgb40=",
      "optional": true,
      "requires": {
        "tweetnacl": "https://registry.npmjs.org/tweetnacl/-/tweetnacl-0.14.5.tgz"
      }
    },
    "bluebird": {
      "version": "https://registry.npmjs.org/bluebird/-/bluebird-3.5.1.tgz",
      "integrity": "sha1-2VUfnemPH82h5oPRfukaBgLuLrk="
    },
    "boolbase": {
      "version": "https://registry.npmjs.org/boolbase/-/boolbase-1.0.0.tgz",
      "integrity": "sha1-aN/1++YMUes3cl6p4+0xDcwed24="
    },
    "boom": {
      "version": "https://registry.npmjs.org/boom/-/boom-4.3.1.tgz",
      "integrity": "sha1-T4owBctKfjiJ90kDD9JbluAdLjE=",
      "requires": {
        "hoek": "https://registry.npmjs.org/hoek/-/hoek-4.2.0.tgz"
      }
    },
    "bson": {
      "version": "https://registry.npmjs.org/bson/-/bson-1.0.4.tgz",
      "integrity": "sha1-k8ENOeqltYQVy8QFLz5T5WKwtyw="
    },
    "buffer-shims": {
      "version": "https://registry.npmjs.org/buffer-shims/-/buffer-shims-1.0.0.tgz",
      "integrity": "sha1-mXjOMXOIxkmth5MCjDR37wRKi1E="
    },
    "caseless": {
      "version": "https://registry.npmjs.org/caseless/-/caseless-0.12.0.tgz",
      "integrity": "sha1-G2gcIf+EAzyCZUMJBolCDRhxUdw="
    },
    "cheerio": {
      "version": "https://registry.npmjs.org/cheerio/-/cheerio-1.0.0-rc.2.tgz",
      "integrity": "sha1-S59TqBsn5NXawxwP/Qz6A8xoMNs=",
      "requires": {
        "css-select": "https://registry.npmjs.org/css-select/-/css-select-1.2.0.tgz",
        "dom-serializer": "https://registry.npmjs.org/dom-serializer/-/dom-serializer-0.1.0.tgz",
        "entities": "https://registry.npmjs.org/entities/-/entities-1.1.1.tgz",
        "htmlparser2": "https://registry.npmjs.org/htmlparser2/-/htmlparser2-3.9.2.tgz",
        "lodash": "https://registry.npmjs.org/lodash/-/lodash-4.17.4.tgz",
        "parse5": "https://registry.npmjs.org/parse5/-/parse5-3.0.2.tgz"
      }
    },
    "co": {
      "version": "https://registry.npmjs.org/co/-/co-4.6.0.tgz",
      "integrity": "sha1-bqa989hTrlTMuOR7+gvz+QMfsYQ="
    },
    "combined-stream": {
      "version": "https://registry.npmjs.org/combined-stream/-/combined-stream-1.0.5.tgz",
      "integrity": "sha1-k4NwpXtKUd6ix3wV1cX9+JUWQAk=",
      "requires": {
        "delayed-stream": "https://registry.npmjs.org/delayed-stream/-/delayed-stream-1.0.0.tgz"
      }
    },
    "core-util-is": {
      "version": "https://registry.npmjs.org/core-util-is/-/core-util-is-1.0.2.tgz",
      "integrity": "sha1-tf1UIgqivFq1eqtxQMlAdUUDwac="
    },
    "cryptiles": {
      "version": "https://registry.npmjs.org/cryptiles/-/cryptiles-3.1.2.tgz",
      "integrity": "sha1-qJ+7Ig9c4l7FboxKqKT9e1sNKf4=",
      "requires": {
        "boom": "https://registry.npmjs.org/boom/-/boom-5.2.0.tgz"
      },
      "dependencies": {
        "boom": {
          "version": "https://registry.npmjs.org/boom/-/boom-5.2.0.tgz",
          "integrity": "sha1-XdnabuOl8wIHdDYpDLcX0/SlTgI=",
          "requires": {
            "hoek": "https://registry.npmjs.org/hoek/-/hoek-4.2.0.tgz"
          }
        }
      }
    },
    "css-select": {
      "version": "https://registry.npmjs.org/css-select/-/css-select-1.2.0.tgz",
      "integrity": "sha1-KzoRBTnFNV8c2NMUYj6HCxIeyFg=",
      "requires": {
        "boolbase": "https://registry.npmjs.org/boolbase/-/boolbase-1.0.0.tgz",
        "css-what": "https://registry.npmjs.org/css-what/-/css-what-2.1.0.tgz",
        "domutils": "https://registry.npmjs.org/domutils/-/domutils-1.5.1.tgz",
        "nth-check": "https://registry.npmjs.org/nth-check/-/nth-check-1.0.1.tgz"
      }
    },
    "css-what": {
      "version": "https://registry.npmjs.org/css-what/-/css-what-2.1.0.tgz",
      "integrity": "sha1-lGfQMsOM+u+58teVASUwYvh/ob0="
    },
    "dashdash": {
      "version": "https://registry.npmjs.org/dashdash/-/dashdash-1.14.1.tgz",
      "integrity": "sha1-hTz6D3y+L+1d4gMmuN1YEDX24vA=",
      "requires": {
        "assert-plus": "https://registry.npmjs.org/assert-plus/-/assert-plus-1.0.0.tgz"
      }
    },
    "debug": {
      "version": "https://registry.npmjs.org/debug/-/debug-2.6.9.tgz",
      "integrity": "sha1-XRKFFd8TT/Mn6QpMk/Tgd6U2NB8=",
      "requires": {
        "ms": "https://registry.npmjs.org/ms/-/ms-2.0.0.tgz"
      }
    },
    "delayed-stream": {
      "version": "https://registry.npmjs.org/delayed-stream/-/delayed-stream-1.0.0.tgz",
      "integrity": "sha1-3zrhmayt+31ECqrgsp4icrJOxhk="
    },
    "dom-serializer": {
      "version": "https://registry.npmjs.org/dom-serializer/-/dom-serializer-0.1.0.tgz",
      "integrity": "sha1-BzxpdUbOB4DOI75KKOKT5AvDDII=",
      "requires": {
        "domelementtype": "https://registry.npmjs.org/domelementtype/-/domelementtype-1.1.3.tgz",
        "entities": "https://registry.npmjs.org/entities/-/entities-1.1.1.tgz"
      },
      "dependencies": {
        "domelementtype": {
          "version": "https://registry.npmjs.org/domelementtype/-/domelementtype-1.1.3.tgz",
          "integrity": "sha1-vSh3PiZCiBrsUVRJJCmcXNgiGFs="
        }
      }
    },
    "domelementtype": {
      "version": "https://registry.npmjs.org/domelementtype/-/domelementtype-1.3.0.tgz",
      "integrity": "sha1-sXrtguirWeUt2cGbF1bg/BhyBMI="
    },
    "domhandler": {
      "version": "https://registry.npmjs.org/domhandler/-/domhandler-2.4.1.tgz",
      "integrity": "sha1-iS5HAAqZvlW783dP/qBWHYh5wlk=",
      "requires": {
        "domelementtype": "https://registry.npmjs.org/domelementtype/-/domelementtype-1.3.0.tgz"
      }
    },
    "domutils": {
      "version": "https://registry.npmjs.org/domutils/-/domutils-1.5.1.tgz",
      "integrity": "sha1-3NhIiib1Y9YQeeSMn3t+Mjc2gs8=",
      "requires": {
        "dom-serializer": "https://registry.npmjs.org/dom-serializer/-/dom-serializer-0.1.0.tgz",
        "domelementtype": "https://registry.npmjs.org/domelementtype/-/domelementtype-1.3.0.tgz"
      }
    },
    "ecc-jsbn": {
      "version": "https://registry.npmjs.org/ecc-jsbn/-/ecc-jsbn-0.1.1.tgz",
      "integrity": "sha1-D8c6ntXw1Tw4GTOYUj735UN3dQU=",
      "optional": true,
      "requires": {
        "jsbn": "https://registry.npmjs.org/jsbn/-/jsbn-0.1.1.tgz"
      }
    },
    "entities": {
      "version": "https://registry.npmjs.org/entities/-/entities-1.1.1.tgz",
      "integrity": "sha1-blwtClYhtdra7O+AuQ7ftc13cvA="
    },
    "es6-promise": {
      "version": "https://registry.npmjs.org/es6-promise/-/es6-promise-3.2.1.tgz",
      "integrity": "sha1-7FYjOGgDKQkgcXDDlEjiREndH8Q="
    },
    "extend": {
      "version": "https://registry.npmjs.org/extend/-/extend-3.0.1.tgz",
      "integrity": "sha1-p1Xqe8Gt/MWjHOfnYtuq3F5jZEQ="
    },
    "extsprintf": {
      "version": "https://registry.npmjs.org/extsprintf/-/extsprintf-1.3.0.tgz",
      "integrity": "sha1-lpGEQOMEGnpBT4xS48V06zw+HgU="
    },
    "fast-deep-equal": {
      "version": "https://registry.npmjs.org/fast-deep-equal/-/fast-deep-equal-1.0.0.tgz",
      "integrity": "sha1-liVqO8l1WV6zbYLpkp0GDYk0Of8="
    },
    "fast-json-stable-stringify": {
      "version": "https://registry.npmjs.org/fast-json-stable-stringify/-/fast-json-stable-stringify-2.0.0.tgz",
      "integrity": "sha1-1RQsDK7msRifh9OnYREGT4bIu/I="
    },
    "forever-agent": {
      "version": "https://registry.npmjs.org/forever-agent/-/forever-agent-0.6.1.tgz",
      "integrity": "sha1-+8cfDEGt6zf5bFd60e1C2P2sypE="
    },
    "form-data": {
      "version": "https://registry.npmjs.org/form-data/-/form-data-2.3.1.tgz",
      "integrity": "sha1-b7lPvXGIUwbXPRXMSX/kzE7NRL8=",
      "requires": {
        "asynckit": "https://registry.npmjs.org/asynckit/-/asynckit-0.4.0.tgz",
        "combined-stream": "https://registry.npmjs.org/combined-stream/-/combined-stream-1.0.5.tgz",
        "mime-types": "https://registry.npmjs.org/mime-types/-/mime-types-2.1.17.tgz"
      }
    },
    "getpass": {
      "version": "https://registry.npmjs.org/getpass/-/getpass-0.1.7.tgz",
      "integrity": "sha1-Xv+OPmhNVprkyysSgmBOi6YhSfo=",
      "requires": {
        "assert-plus": "https://registry.npmjs.org/assert-plus/-/assert-plus-1.0.0.tgz"
      }
    },
    "har-schema": {
      "version": "https://registry.npmjs.org/har-schema/-/har-schema-2.0.0.tgz",
      "integrity": "sha1-qUwiJOvKwEeCoNkDVSHyRzW37JI="
    },
    "har-validator": {
      "version": "https://registry.npmjs.org/har-validator/-/har-validator-5.0.3.tgz",
      "integrity": "sha1-ukAsJmGU8VlW7xXg/PJCmT9qff0=",
      "requires": {
        "ajv": "https://registry.npmjs.org/ajv/-/ajv-5.3.0.tgz",
        "har-schema": "https://registry.npmjs.org/har-schema/-/har-schema-2.0.0.tgz"
      }
    },
    "hawk": {
      "version": "https://registry.npmjs.org/hawk/-/hawk-6.0.2.tgz",
      "integrity": "sha1-r02RTrBl+bXOTZ0RwcshJu7MMDg=",
      "requires": {
        "boom": "https://registry.npmjs.org/boom/-/boom-4.3.1.tgz",
        "cryptiles": "https://registry.npmjs.org/cryptiles/-/cryptiles-3.1.2.tgz",
        "hoek": "https://registry.npmjs.org/hoek/-/hoek-4.2.0.tgz",
        "sntp": "https://registry.npmjs.org/sntp/-/sntp-2.1.0.tgz"
      }
    },
    "hoek": {
      "version": "https://registry.npmjs.org/hoek/-/hoek-4.2.0.tgz",
      "integrity": "sha1-ctnQdU9/4lyi0BrY+PmpRJqJUm0="
    },
    "hooks-fixed": {
      "version": "https://registry.npmjs.org/hooks-fixed/-/hooks-fixed-2.0.0.tgz",
      "integrity": "sha1-oB2JTVKsf2WZu7H2PfycQR33DLo="
    },
    "htmlparser2": {
      "version": "https://registry.npmjs.org/htmlparser2/-/htmlparser2-3.9.2.tgz",
      "integrity": "sha1-G9+HrMoPP55T+k/M6w9LTLsAszg=",
      "requires": {
        "domelementtype": "https://registry.npmjs.org/domelementtype/-/domelementtype-1.3.0.tgz",
        "domhandler": "https://registry.npmjs.org/domhandler/-/domhandler-2.4.1.tgz",
        "domutils": "https://registry.npmjs.org/domutils/-/domutils-1.5.1.tgz",
        "entities": "https://registry.npmjs.org/entities/-/entities-1.1.1.tgz",
        "inherits": "https://registry.npmjs.org/inherits/-/inherits-2.0.3.tgz",
        "readable-stream": "https://registry.npmjs.org/readable-stream/-/readable-stream-2.2.7.tgz"
      }
    },
    "http-signature": {
      "version": "https://registry.npmjs.org/http-signature/-/http-signature-1.2.0.tgz",
      "integrity": "sha1-muzZJRFHcvPZW2WmCruPfBj7rOE=",
      "requires": {
        "assert-plus": "https://registry.npmjs.org/assert-plus/-/assert-plus-1.0.0.tgz",
        "jsprim": "https://registry.npmjs.org/jsprim/-/jsprim-1.4.1.tgz",
        "sshpk": "https://registry.npmjs.org/sshpk/-/sshpk-1.13.1.tgz"
      }
    },
    "inherits": {
      "version": "https://registry.npmjs.org/inherits/-/inherits-2.0.3.tgz",
      "integrity": "sha1-Yzwsg+PaQqUC9SRmAiSA9CCCYd4="
    },
    "is-typedarray": {
      "version": "https://registry.npmjs.org/is-typedarray/-/is-typedarray-1.0.0.tgz",
      "integrity": "sha1-5HnICFjfDBsR3dppQPlgEfzaSpo="
    },
    "isarray": {
      "version": "https://registry.npmjs.org/isarray/-/isarray-1.0.0.tgz",
      "integrity": "sha1-u5NdSFgsuhaMBoNJV6VKPgcSTxE="
    },
    "isstream": {
      "version": "https://registry.npmjs.org/isstream/-/isstream-0.1.2.tgz",
      "integrity": "sha1-R+Y/evVa+m+S4VAOaQ64uFKcCZo="
    },
    "jsbn": {
      "version": "https://registry.npmjs.org/jsbn/-/jsbn-0.1.1.tgz",
      "integrity": "sha1-peZUwuWi3rXyAdls77yoDA7y9RM=",
      "optional": true
    },
    "json-schema": {
      "version": "https://registry.npmjs.org/json-schema/-/json-schema-0.2.3.tgz",
      "integrity": "sha1-tIDIkuWaLwWVTOcnvT8qTogvnhM="
    },
    "json-schema-traverse": {
      "version": "https://registry.npmjs.org/json-schema-traverse/-/json-schema-traverse-0.3.1.tgz",
      "integrity": "sha1-NJptRMU6Ud6JtAgFxdXlm0F9M0A="
    },
    "json-stringify-safe": {
      "version": "https://registry.npmjs.org/json-stringify-safe/-/json-stringify-safe-5.0.1.tgz",
      "integrity": "sha1-Epai1Y/UXxmg9s4B1lcB4sc1tus="
    },
    "jsprim": {
      "version": "https://registry.npmjs.org/jsprim/-/jsprim-1.4.1.tgz",
      "integrity": "sha1-MT5mvB5cwG5Di8G3SZwuXFastqI=",
      "requires": {
        "assert-plus": "https://registry.npmjs.org/assert-plus/-/assert-plus-1.0.0.tgz",
        "extsprintf": "https://registry.npmjs.org/extsprintf/-/extsprintf-1.3.0.tgz",
        "json-schema": "https://registry.npmjs.org/json-schema/-/json-schema-0.2.3.tgz",
        "verror": "https://registry.npmjs.org/verror/-/verror-1.10.0.tgz"
      }
    },
    "kareem": {
      "version": "https://registry.npmjs.org/kareem/-/kareem-1.5.0.tgz",
      "integrity": "sha1-4+QQHZ3P3imXadr0tNtk2JXRdEg="
    },
    "lodash": {
      "version": "https://registry.npmjs.org/lodash/-/lodash-4.17.4.tgz",
      "integrity": "sha1-eCA6TRwyiuHYbcpkYONptX9AVa4="
    },
    "mime-db": {
      "version": "https://registry.npmjs.org/mime-db/-/mime-db-1.30.0.tgz",
      "integrity": "sha1-dMZD2i3Z1qRTmZY0ZbJtXKfXHwE="
    },
    "mime-types": {
      "version": "https://registry.npmjs.org/mime-types/-/mime-types-2.1.17.tgz",
      "integrity": "sha1-Cdejk/A+mVp5+K+Fe3Cp4KsWVXo=",
      "requires": {
        "mime-db": "https://registry.npmjs.org/mime-db/-/mime-db-1.30.0.tgz"
      }
    },
    "mongodb": {
      "version": "https://registry.npmjs.org/mongodb/-/mongodb-2.2.33.tgz",
      "integrity": "sha1-tTfEcdNKZlG0jzb9vyl1A0Dgi1A=",
      "requires": {
        "es6-promise": "https://registry.npmjs.org/es6-promise/-/es6-promise-3.2.1.tgz",
        "mongodb-core": "https://registry.npmjs.org/mongodb-core/-/mongodb-core-2.1.17.tgz",
        "readable-stream": "https://registry.npmjs.org/readable-stream/-/readable-stream-2.2.7.tgz"
      }
    },
    "mongodb-core": {
      "version": "https://registry.npmjs.org/mongodb-core/-/mongodb-core-2.1.17.tgz",
      "integrity": "sha1-pBizN6FKFJkPtRC5I97mqBMXPfg=",
      "requires": {
        "bson": "https://registry.npmjs.org/bson/-/bson-1.0.4.tgz",
        "require_optional": "https://registry.npmjs.org/require_optional/-/require_optional-1.0.1.tgz"
      }
    },
    "mongoose": {
      "version": "https://registry.npmjs.org/mongoose/-/mongoose-4.12.4.tgz",
      "integrity": "sha1-UCosA3N2psY1bu6JEo51ZTYSEnw=",
      "requires": {
        "async": "https://registry.npmjs.org/async/-/async-2.1.4.tgz",
        "bson": "https://registry.npmjs.org/bson/-/bson-1.0.4.tgz",
        "hooks-fixed": "https://registry.npmjs.org/hooks-fixed/-/hooks-fixed-2.0.0.tgz",
        "kareem": "https://registry.npmjs.org/kareem/-/kareem-1.5.0.tgz",
        "mongodb": "https://registry.npmjs.org/mongodb/-/mongodb-2.2.33.tgz",
        "mpath": "https://registry.npmjs.org/mpath/-/mpath-0.3.0.tgz",
        "mpromise": "https://registry.npmjs.org/mpromise/-/mpromise-0.5.5.tgz",
        "mquery": "https://registry.npmjs.org/mquery/-/mquery-2.3.2.tgz",
        "ms": "https://registry.npmjs.org/ms/-/ms-2.0.0.tgz",
        "muri": "https://registry.npmjs.org/muri/-/muri-1.3.0.tgz",
        "regexp-clone": "https://registry.npmjs.org/regexp-clone/-/regexp-clone-0.0.1.tgz",
        "sliced": "https://registry.npmjs.org/sliced/-/sliced-1.0.1.tgz"
      }
    },
    "mpath": {
      "version": "https://registry.npmjs.org/mpath/-/mpath-0.3.0.tgz",
      "integrity": "sha1-elj3iem1/TyUUgY0FXlg8mvV70Q="
    },
    "mpromise": {
      "version": "https://registry.npmjs.org/mpromise/-/mpromise-0.5.5.tgz",
      "integrity": "sha1-9bJCWddjrMIlewoMjG2Gb9UXMuY="
    },
    "mquery": {
      "version": "https://registry.npmjs.org/mquery/-/mquery-2.3.2.tgz",
      "integrity": "sha1-4sYK0RfPCA8u+x7N0UTnu/+/yhE=",
      "requires": {
        "bluebird": "https://registry.npmjs.org/bluebird/-/bluebird-3.5.1.tgz",
        "debug": "https://registry.npmjs.org/debug/-/debug-2.6.9.tgz",
        "regexp-clone": "https://registry.npmjs.org/regexp-clone/-/regexp-clone-0.0.1.tgz",
        "sliced": "https://registry.npmjs.org/sliced/-/sliced-0.0.5.tgz"
      },
      "dependencies": {
        "sliced": {
          "version": "https://registry.npmjs.org/sliced/-/sliced-0.0.5.tgz",
          "integrity": "sha1-XtwETKTrb3gW1Qui/GPiXY/kcH8="
        }
      }
    },
    "ms": {
      "version": "https://registry.npmjs.org/ms/-/ms-2.0.0.tgz",
      "integrity": "sha1-VgiurfwAvmwpAd9fmGF4jeDVl8g="
    },
    "muri": {
      "version": "https://registry.npmjs.org/muri/-/muri-1.3.0.tgz",
      "integrity": "sha1-rszz22TFaqfFs04A+Vt4eFJ6RyE="
    },
    "node-cron": {
      "version": "1.2.1",
      "resolved": "https://registry.npmjs.org/node-cron/-/node-cron-1.2.1.tgz",
      "integrity": "sha1-jJC8XccjpWKJsHhmVatKHEy2A2g="
    },
    "nth-check": {
      "version": "https://registry.npmjs.org/nth-check/-/nth-check-1.0.1.tgz",
      "integrity": "sha1-mSms32KPwsQQmN6rgqxYDPFJquQ=",
      "requires": {
        "boolbase": "https://registry.npmjs.org/boolbase/-/boolbase-1.0.0.tgz"
      }
    },
    "oauth-sign": {
      "version": "https://registry.npmjs.org/oauth-sign/-/oauth-sign-0.8.2.tgz",
      "integrity": "sha1-Rqarfwrq2N6unsBWV4C31O/rnUM="
    },
    "parse5": {
      "version": "https://registry.npmjs.org/parse5/-/parse5-3.0.2.tgz",
      "integrity": "sha1-Be/1fw70V3+xRKefi5qWemzERRA=",
      "requires": {
        "@types/node": "https://registry.npmjs.org/@types/node/-/node-6.0.90.tgz"
      }
    },
    "performance-now": {
      "version": "https://registry.npmjs.org/performance-now/-/performance-now-2.1.0.tgz",
      "integrity": "sha1-Ywn04OX6kT7BxpMHrjZLSzd8nns="
    },
    "process-nextick-args": {
      "version": "https://registry.npmjs.org/process-nextick-args/-/process-nextick-args-1.0.7.tgz",
      "integrity": "sha1-FQ4gt1ZZCtP5EJPyWk8q2L/zC6M="
    },
    "punycode": {
      "version": "https://registry.npmjs.org/punycode/-/punycode-1.4.1.tgz",
      "integrity": "sha1-wNWmOycYgArY4esPpSachN1BhF4="
    },
    "qs": {
      "version": "https://registry.npmjs.org/qs/-/qs-6.5.1.tgz",
      "integrity": "sha1-NJzfbu+J7EXBLX1es/wMhwNDptg="
    },
    "readable-stream": {
      "version": "https://registry.npmjs.org/readable-stream/-/readable-stream-2.2.7.tgz",
      "integrity": "sha1-BwV6y+JGeyIELTb5jFrVBwVOlbE=",
      "requires": {
        "buffer-shims": "https://registry.npmjs.org/buffer-shims/-/buffer-shims-1.0.0.tgz",
        "core-util-is": "https://registry.npmjs.org/core-util-is/-/core-util-is-1.0.2.tgz",
        "inherits": "https://registry.npmjs.org/inherits/-/inherits-2.0.3.tgz",
        "isarray": "https://registry.npmjs.org/isarray/-/isarray-1.0.0.tgz",
        "process-nextick-args": "https://registry.npmjs.org/process-nextick-args/-/process-nextick-args-1.0.7.tgz",
        "string_decoder": "https://registry.npmjs.org/string_decoder/-/string_decoder-1.0.3.tgz",
        "util-deprecate": "https://registry.npmjs.org/util-deprecate/-/util-deprecate-1.0.2.tgz"
      }
    },
    "regexp-clone": {
      "version": "https://registry.npmjs.org/regexp-clone/-/regexp-clone-0.0.1.tgz",
      "integrity": "sha1-p8LgmJH9vzj7sQ03b7cwA+aKxYk="
    },
    "request": {
      "version": "https://registry.npmjs.org/request/-/request-2.83.0.tgz",
      "integrity": "sha1-ygtl2gLtYpNYh4COb1EDgQNOM1Y=",
      "requires": {
        "aws-sign2": "https://registry.npmjs.org/aws-sign2/-/aws-sign2-0.7.0.tgz",
        "aws4": "https://registry.npmjs.org/aws4/-/aws4-1.6.0.tgz",
        "caseless": "https://registry.npmjs.org/caseless/-/caseless-0.12.0.tgz",
        "combined-stream": "https://registry.npmjs.org/combined-stream/-/combined-stream-1.0.5.tgz",
        "extend": "https://registry.npmjs.org/extend/-/extend-3.0.1.tgz",
        "forever-agent": "https://registry.npmjs.org/forever-agent/-/forever-agent-0.6.1.tgz",
        "form-data": "https://registry.npmjs.org/form-data/-/form-data-2.3.1.tgz",
        "har-validator": "https://registry.npmjs.org/har-validator/-/har-validator-5.0.3.tgz",
        "hawk": "https://registry.npmjs.org/hawk/-/hawk-6.0.2.tgz",
        "http-signature": "https://registry.npmjs.org/http-signature/-/http-signature-1.2.0.tgz",
        "is-typedarray": "https://registry.npmjs.org/is-typedarray/-/is-typedarray-1.0.0.tgz",
        "isstream": "https://registry.npmjs.org/isstream/-/isstream-0.1.2.tgz",
        "json-stringify-safe": "https://registry.npmjs.org/json-stringify-safe/-/json-stringify-safe-5.0.1.tgz",
        "mime-types": "https://registry.npmjs.org/mime-types/-/mime-types-2.1.17.tgz",
        "oauth-sign": "https://registry.npmjs.org/oauth-sign/-/oauth-sign-0.8.2.tgz",
        "performance-now": "https://registry.npmjs.org/performance-now/-/performance-now-2.1.0.tgz",
        "qs": "https://registry.npmjs.org/qs/-/qs-6.5.1.tgz",
        "safe-buffer": "https://registry.npmjs.org/safe-buffer/-/safe-buffer-5.1.1.tgz",
        "stringstream": "https://registry.npmjs.org/stringstream/-/stringstream-0.0.5.tgz",
        "tough-cookie": "https://registry.npmjs.org/tough-cookie/-/tough-cookie-2.3.3.tgz",
        "tunnel-agent": "https://registry.npmjs.org/tunnel-agent/-/tunnel-agent-0.6.0.tgz",
        "uuid": "https://registry.npmjs.org/uuid/-/uuid-3.1.0.tgz"
      }
    },
    "request-promise": {
      "version": "https://registry.npmjs.org/request-promise/-/request-promise-4.2.2.tgz",
      "integrity": "sha1-0epG1lSm7k+O5qT+oQGMIpEZBLQ=",
      "requires": {
        "bluebird": "https://registry.npmjs.org/bluebird/-/bluebird-3.5.1.tgz",
        "request-promise-core": "https://registry.npmjs.org/request-promise-core/-/request-promise-core-1.1.1.tgz",
        "stealthy-require": "https://registry.npmjs.org/stealthy-require/-/stealthy-require-1.1.1.tgz",
        "tough-cookie": "https://registry.npmjs.org/tough-cookie/-/tough-cookie-2.3.3.tgz"
      }
    },
    "request-promise-core": {
      "version": "https://registry.npmjs.org/request-promise-core/-/request-promise-core-1.1.1.tgz",
      "integrity": "sha1-Pu4AssWqgyOc+wTFcA2jb4HNCLY=",
      "requires": {
        "lodash": "https://registry.npmjs.org/lodash/-/lodash-4.17.4.tgz"
      }
    },
    "require_optional": {
      "version": "https://registry.npmjs.org/require_optional/-/require_optional-1.0.1.tgz",
      "integrity": "sha1-TPNaQkf2TKPfjC7yCMxJSxyo/C4=",
      "requires": {
        "resolve-from": "https://registry.npmjs.org/resolve-from/-/resolve-from-2.0.0.tgz",
        "semver": "https://registry.npmjs.org/semver/-/semver-5.4.1.tgz"
      }
    },
    "resolve-from": {
      "version": "https://registry.npmjs.org/resolve-from/-/resolve-from-2.0.0.tgz",
      "integrity": "sha1-lICrIOlP+h2egKgEx+oUdhGWa1c="
    },
    "safe-buffer": {
      "version": "https://registry.npmjs.org/safe-buffer/-/safe-buffer-5.1.1.tgz",
      "integrity": "sha1-iTMSr2myEj3vcfV4iQAWce6yyFM="
    },
    "semver": {
      "version": "https://registry.npmjs.org/semver/-/semver-5.4.1.tgz",
      "integrity": "sha1-4FnAnYVx8FQII3M0M1BdOi8AsY4="
    },
    "sliced": {
      "version": "https://registry.npmjs.org/sliced/-/sliced-1.0.1.tgz",
      "integrity": "sha1-CzpmK10Ewxd7GSa+qCsD+Dei70E="
    },
    "sntp": {
      "version": "https://registry.npmjs.org/sntp/-/sntp-2.1.0.tgz",
      "integrity": "sha1-LGzsFP7cIiJznK+bXD2F0cxaLMg=",
      "requires": {
        "hoek": "https://registry.npmjs.org/hoek/-/hoek-4.2.0.tgz"
      }
    },
    "sshpk": {
      "version": "https://registry.npmjs.org/sshpk/-/sshpk-1.13.1.tgz",
      "integrity": "sha1-US322mKHFEMW3EwY/hzx2UBzm+M=",
      "requires": {
        "asn1": "https://registry.npmjs.org/asn1/-/asn1-0.2.3.tgz",
        "assert-plus": "https://registry.npmjs.org/assert-plus/-/assert-plus-1.0.0.tgz",
        "bcrypt-pbkdf": "https://registry.npmjs.org/bcrypt-pbkdf/-/bcrypt-pbkdf-1.0.1.tgz",
        "dashdash": "https://registry.npmjs.org/dashdash/-/dashdash-1.14.1.tgz",
        "ecc-jsbn": "https://registry.npmjs.org/ecc-jsbn/-/ecc-jsbn-0.1.1.tgz",
        "getpass": "https://registry.npmjs.org/getpass/-/getpass-0.1.7.tgz",
        "jsbn": "https://registry.npmjs.org/jsbn/-/jsbn-0.1.1.tgz",
        "tweetnacl": "https://registry.npmjs.org/tweetnacl/-/tweetnacl-0.14.5.tgz"
      }
    },
    "stealthy-require": {
      "version": "https://registry.npmjs.org/stealthy-require/-/stealthy-require-1.1.1.tgz",
      "integrity": "sha1-NbCYdbT/SfJqd35QmzCQoyJr8ks="
    },
    "string_decoder": {
      "version": "https://registry.npmjs.org/string_decoder/-/string_decoder-1.0.3.tgz",
      "integrity": "sha1-D8Z9fBQYJd6UKC3VNr7GubzoYKs=",
      "requires": {
        "safe-buffer": "https://registry.npmjs.org/safe-buffer/-/safe-buffer-5.1.1.tgz"
      }
    },
    "stringstream": {
      "version": "https://registry.npmjs.org/stringstream/-/stringstream-0.0.5.tgz",
      "integrity": "sha1-TkhM1N5aC7vuGORjB3EKioFiGHg="
    },
    "tough-cookie": {
      "version": "https://registry.npmjs.org/tough-cookie/-/tough-cookie-2.3.3.tgz",
      "integrity": "sha1-C2GKVWW23qkL80JdBNVe3EdadWE=",
      "requires": {
        "punycode": "https://registry.npmjs.org/punycode/-/punycode-1.4.1.tgz"
      }
    },
    "tunnel-agent": {
      "version": "https://registry.npmjs.org/tunnel-agent/-/tunnel-agent-0.6.0.tgz",
      "integrity": "sha1-J6XeoGs2sEoKmWZ3SykIaPD8QP0=",
      "requires": {
        "safe-buffer": "https://registry.npmjs.org/safe-buffer/-/safe-buffer-5.1.1.tgz"
      }
    },
    "tweetnacl": {
      "version": "https://registry.npmjs.org/tweetnacl/-/tweetnacl-0.14.5.tgz",
      "integrity": "sha1-WuaBd/GS1EViadEIr6k/+HQ/T2Q=",
      "optional": true
    },
    "util-deprecate": {
      "version": "https://registry.npmjs.org/util-deprecate/-/util-deprecate-1.0.2.tgz",
      "integrity": "sha1-RQ1Nyfpw3nMnYvvS1KKJgUGaDM8="
    },
    "uuid": {
      "version": "https://registry.npmjs.org/uuid/-/uuid-3.1.0.tgz",
      "integrity": "sha1-PdPT55Crwk17DToDT/q6vijrvAQ="
    },
    "verror": {
      "version": "https://registry.npmjs.org/verror/-/verror-1.10.0.tgz",
      "integrity": "sha1-OhBcoXBTr1XW4nDB+CiGguGNpAA=",
      "requires": {
        "assert-plus": "https://registry.npmjs.org/assert-plus/-/assert-plus-1.0.0.tgz",
        "core-util-is": "https://registry.npmjs.org/core-util-is/-/core-util-is-1.0.2.tgz",
        "extsprintf": "https://registry.npmjs.org/extsprintf/-/extsprintf-1.3.0.tgz"
      }
    }
  }
}
